lockfileVersion: '6.0'

settings:
  autoInstallPeers: true
  excludeLinksFromLockfile: false

dependencies:
  '@sinclair/typebox':
    specifier: ^0.30.2
    version: 0.30.2
  arktype:
    specifier: 1.0.18-alpha
    version: 1.0.18-alpha
  io-ts:
    specifier: ^2.2.20
    version: 2.2.20(fp-ts@2.16.1)
  valibot:
    specifier: ^0.8.0
    version: 0.8.0
  yup:
    specifier: ^1.2.0
    version: 1.2.0
  zod:
    specifier: ^3.21.4
    version: 3.21.4

packages:

  /@sinclair/typebox@0.30.2:
    resolution: {integrity: sha512-PNEojrBZGQL+llfGfGn6EZNHUXxyvA3LeySMUxMk+i+GrtuT1nBBP3BPzzgJKW9b7lUMa9KxHVx+CIPEy5bL5w==}
    dev: false

  /arktype@1.0.18-alpha:
    resolution: {integrity: sha512-7yUOaaeEws1GkDFGvB7IPkurVL5FFcZBbWLNVrqNXWccKbmMz9gozqXfR3pnconHeSbXLEcYUmtGAXTnhRgJrw==}
    requiresBuild: true
    dev: false

  /fp-ts@2.16.1:
    resolution: {integrity: sha512-by7U5W8dkIzcvDofUcO42yl9JbnHTEDBrzu3pt5fKT+Z4Oy85I21K80EYJYdjQGC2qum4Vo55Ag57iiIK4FYuA==}
    dev: false

  /io-ts@2.2.20(fp-ts@2.16.1):
    resolution: {integrity: sha512-Rq2BsYmtwS5vVttie4rqrOCIfHCS9TgpRLFpKQCM1wZBBRY9nWVGmEvm2FnDbSE2un1UE39DvFpTR5UL47YDcA==}
    peerDependencies:
      fp-ts: ^2.5.0
    dependencies:
      fp-ts: 2.16.1
    dev: false

  /property-expr@2.0.5:
    resolution: {integrity: sha512-IJUkICM5dP5znhCckHSv30Q4b5/JA5enCtkRHYaOVOAocnH/1BQEYTC5NMfT3AVl/iXKdr3aqQbQn9DxyWknwA==}
    dev: false

  /tiny-case@1.0.3:
    resolution: {integrity: sha512-Eet/eeMhkO6TX8mnUteS9zgPbUMQa4I6Kkp5ORiBD5476/m+PIRiumP5tmh5ioJpH7k51Kehawy2UDfsnxxY8Q==}
    dev: false

  /toposort@2.0.2:
    resolution: {integrity: sha512-0a5EOkAUp8D4moMi2W8ZF8jcga7BgZd91O/yabJCFY8az+XSzeGyTKs0Aoo897iV1Nj6guFq8orWDS96z91oGg==}
    dev: false

  /type-fest@2.19.0:
    resolution: {integrity: sha512-RAH822pAdBgcNMAfWnCBU3CFZcfZ/i1eZjwFU/dsLKumyuuP3niueg2UAukXYF0E2AAoc82ZSSf9J0WQBinzHA==}
    engines: {node: '>=12.20'}
    dev: false

  /valibot@0.8.0:
    resolution: {integrity: sha512-wQHXVkVFj6Z0R3297icGCp3UX8S66onuIg03ihJ8aVgMn8pMJvYSfmrKb+aIg7w/Aw08togrklaMSqDP2vKtIA==}
    dev: false

  /yup@1.2.0:
    resolution: {integrity: sha512-PPqYKSAXjpRCgLgLKVGPA33v5c/WgEx3wi6NFjIiegz90zSwyMpvTFp/uGcVnnbx6to28pgnzp/q8ih3QRjLMQ==}
    dependencies:
      property-expr: 2.0.5
      tiny-case: 1.0.3
      toposort: 2.0.2
      type-fest: 2.19.0
    dev: false

  /zod@3.21.4:
    resolution: {integrity: sha512-m46AKbrzKVzOzs/DZgVnG5H55N1sv1M8qZU3A8RIKbs3mrACDNeIOeilDymVb2HdmP8uwshOCF4uJ8uM9rCqJw==}
    dev: false
